// !$*UTF8*$!
{
	archiveVersion = 1;
	classes = {
	};
	objectVersion = 55;
	objects = {

/* Begin PBXBuildFile section */
		2E1C1A8427887BE500C3D197 /* MnistData.swift in Sources */ = {isa = PBXBuildFile; fileRef = 2E1C1A8327887BE500C3D197 /* MnistData.swift */; };
		2E1C1A89278882C600C3D197 /* t10k-images-idx3-ubyte in Resources */ = {isa = PBXBuildFile; fileRef = 2E1C1A87278882C200C3D197 /* t10k-images-idx3-ubyte */; };
		2E1C1A8A278882C600C3D197 /* t10k-labels-idx1-ubyte in Resources */ = {isa = PBXBuildFile; fileRef = 2E1C1A88278882C200C3D197 /* t10k-labels-idx1-ubyte */; };
		2E1C1A8B278882C600C3D197 /* train-images-idx3-ubyte in Resources */ = {isa = PBXBuildFile; fileRef = 2E1C1A85278882C100C3D197 /* train-images-idx3-ubyte */; };
		2E1C1A8C278882C700C3D197 /* train-labels-idx1-ubyte in Resources */ = {isa = PBXBuildFile; fileRef = 2E1C1A86278882C200C3D197 /* train-labels-idx1-ubyte */; };
		2E1C1A8E2788995000C3D197 /* Net.swift in Sources */ = {isa = PBXBuildFile; fileRef = 2E1C1A8D2788995000C3D197 /* Net.swift */; };
		2E1C1A9A27889CCF00C3D197 /* swift_mlTests.swift in Sources */ = {isa = PBXBuildFile; fileRef = 2E1C1A9927889CCF00C3D197 /* swift_mlTests.swift */; };
		2E9E7CF52788656E00A32FCB /* AppDelegate.swift in Sources */ = {isa = PBXBuildFile; fileRef = 2E9E7CF42788656E00A32FCB /* AppDelegate.swift */; };
		2E9E7CF72788656E00A32FCB /* SceneDelegate.swift in Sources */ = {isa = PBXBuildFile; fileRef = 2E9E7CF62788656E00A32FCB /* SceneDelegate.swift */; };
		2E9E7CF92788656E00A32FCB /* ViewController.swift in Sources */ = {isa = PBXBuildFile; fileRef = 2E9E7CF82788656E00A32FCB /* ViewController.swift */; };
		2E9E7CFC2788656E00A32FCB /* Main.storyboard in Resources */ = {isa = PBXBuildFile; fileRef = 2E9E7CFA2788656E00A32FCB /* Main.storyboard */; };
		2E9E7CFE2788657000A32FCB /* Assets.xcassets in Resources */ = {isa = PBXBuildFile; fileRef = 2E9E7CFD2788657000A32FCB /* Assets.xcassets */; };
		2E9E7D012788657000A32FCB /* LaunchScreen.storyboard in Resources */ = {isa = PBXBuildFile; fileRef = 2E9E7CFF2788657000A32FCB /* LaunchScreen.storyboard */; };
/* End PBXBuildFile section */

/* Begin PBXContainerItemProxy section */
		2E1C1A9B27889CCF00C3D197 /* PBXContainerItemProxy */ = {
			isa = PBXContainerItemProxy;
			containerPortal = 2E9E7CE92788656E00A32FCB /* Project object */;
			proxyType = 1;
			remoteGlobalIDString = 2E9E7CF02788656E00A32FCB;
			remoteInfo = "swift-ml";
		};
/* End PBXContainerItemProxy section */

/* Begin PBXFileReference section */
		2E1C1A8327887BE500C3D197 /* MnistData.swift */ = {isa = PBXFileReference; lastKnownFileType = sourcecode.swift; path = MnistData.swift; sourceTree = "<group>"; };
		2E1C1A85278882C100C3D197 /* train-images-idx3-ubyte */ = {isa = PBXFileReference; lastKnownFileType = file; path = "train-images-idx3-ubyte"; sourceTree = "<group>"; };
		2E1C1A86278882C200C3D197 /* train-labels-idx1-ubyte */ = {isa = PBXFileReference; lastKnownFileType = file; path = "train-labels-idx1-ubyte"; sourceTree = "<group>"; };
		2E1C1A87278882C200C3D197 /* t10k-images-idx3-ubyte */ = {isa = PBXFileReference; lastKnownFileType = file; path = "t10k-images-idx3-ubyte"; sourceTree = "<group>"; };
		2E1C1A88278882C200C3D197 /* t10k-labels-idx1-ubyte */ = {isa = PBXFileReference; lastKnownFileType = file; path = "t10k-labels-idx1-ubyte"; sourceTree = "<group>"; };
		2E1C1A8D2788995000C3D197 /* Net.swift */ = {isa = PBXFileReference; lastKnownFileType = sourcecode.swift; path = Net.swift; sourceTree = "<group>"; };
		2E1C1A9727889CCF00C3D197 /* swift-mlTests.xctest */ = {isa = PBXFileReference; explicitFileType = wrapper.cfbundle; includeInIndex = 0; path = "swift-mlTests.xctest"; sourceTree = BUILT_PRODUCTS_DIR; };
		2E1C1A9927889CCF00C3D197 /* swift_mlTests.swift */ = {isa = PBXFileReference; lastKnownFileType = sourcecode.swift; path = swift_mlTests.swift; sourceTree = "<group>"; };
		2E9E7CF12788656E00A32FCB /* swift-ml.app */ = {isa = PBXFileReference; explicitFileType = wrapper.application; includeInIndex = 0; path = "swift-ml.app"; sourceTree = BUILT_PRODUCTS_DIR; };
		2E9E7CF42788656E00A32FCB /* AppDelegate.swift */ = {isa = PBXFileReference; lastKnownFileType = sourcecode.swift; path = AppDelegate.swift; sourceTree = "<group>"; };
		2E9E7CF62788656E00A32FCB /* SceneDelegate.swift */ = {isa = PBXFileReference; lastKnownFileType = sourcecode.swift; path = SceneDelegate.swift; sourceTree = "<group>"; };
		2E9E7CF82788656E00A32FCB /* ViewController.swift */ = {isa = PBXFileReference; lastKnownFileType = sourcecode.swift; path = ViewController.swift; sourceTree = "<group>"; };
		2E9E7CFB2788656E00A32FCB /* Base */ = {isa = PBXFileReference; lastKnownFileType = file.storyboard; name = Base; path = Base.lproj/Main.storyboard; sourceTree = "<group>"; };
		2E9E7CFD2788657000A32FCB /* Assets.xcassets */ = {isa = PBXFileReference; lastKnownFileType = folder.assetcatalog; path = Assets.xcassets; sourceTree = "<group>"; };
		2E9E7D002788657000A32FCB /* Base */ = {isa = PBXFileReference; lastKnownFileType = file.storyboard; name = Base; path = Base.lproj/LaunchScreen.storyboard; sourceTree = "<group>"; };
		2E9E7D022788657000A32FCB /* Info.plist */ = {isa = PBXFileReference; lastKnownFileType = text.plist.xml; path = Info.plist; sourceTree = "<group>"; };
/* End PBXFileReference section */

/* Begin PBXFrameworksBuildPhase section */
		2E1C1A9427889CCF00C3D197 /* Frameworks */ = {
			isa = PBXFrameworksBuildPhase;
			buildActionMask = 2147483647;
			files = (
			);
			runOnlyForDeploymentPostprocessing = 0;
		};
		2E9E7CEE2788656E00A32FCB /* Frameworks */ = {
			isa = PBXFrameworksBuildPhase;
			buildActionMask = 2147483647;
			files = (
			);
			runOnlyForDeploymentPostprocessing = 0;
		};
/* End PBXFrameworksBuildPhase section */

/* Begin PBXGroup section */
		2E1C1A9827889CCF00C3D197 /* swift-mlTests */ = {
			isa = PBXGroup;
			children = (
				2E1C1A9927889CCF00C3D197 /* swift_mlTests.swift */,
			);
			path = "swift-mlTests";
			sourceTree = "<group>";
		};
		2E9E7CE82788656E00A32FCB = {
			isa = PBXGroup;
			children = (
				2E9E7CF32788656E00A32FCB /* swift-ml */,
				2E1C1A9827889CCF00C3D197 /* swift-mlTests */,
				2E9E7CF22788656E00A32FCB /* Products */,
			);
			sourceTree = "<group>";
		};
		2E9E7CF22788656E00A32FCB /* Products */ = {
			isa = PBXGroup;
			children = (
				2E9E7CF12788656E00A32FCB /* swift-ml.app */,
				2E1C1A9727889CCF00C3D197 /* swift-mlTests.xctest */,
			);
			name = Products;
			sourceTree = "<group>";
		};
		2E9E7CF32788656E00A32FCB /* swift-ml */ = {
			isa = PBXGroup;
			children = (
				2E9E7CF42788656E00A32FCB /* AppDelegate.swift */,
				2E9E7CF62788656E00A32FCB /* SceneDelegate.swift */,
				2E1C1A87278882C200C3D197 /* t10k-images-idx3-ubyte */,
				2E1C1A88278882C200C3D197 /* t10k-labels-idx1-ubyte */,
				2E1C1A85278882C100C3D197 /* train-images-idx3-ubyte */,
				2E1C1A86278882C200C3D197 /* train-labels-idx1-ubyte */,
				2E9E7CF82788656E00A32FCB /* ViewController.swift */,
				2E1C1A8327887BE500C3D197 /* MnistData.swift */,
				2E1C1A8D2788995000C3D197 /* Net.swift */,
				2E9E7CFA2788656E00A32FCB /* Main.storyboard */,
				2E9E7CFD2788657000A32FCB /* Assets.xcassets */,
				2E9E7CFF2788657000A32FCB /* LaunchScreen.storyboard */,
				2E9E7D022788657000A32FCB /* Info.plist */,
			);
			path = "swift-ml";
			sourceTree = "<group>";
		};
/* End PBXGroup section */

/* Begin PBXNativeTarget section */
		2E1C1A9627889CCF00C3D197 /* swift-mlTests */ = {
			isa = PBXNativeTarget;
			buildConfigurationList = 2E1C1A9D27889CCF00C3D197 /* Build configuration list for PBXNativeTarget "swift-mlTests" */;
			buildPhases = (
				2E1C1A9327889CCF00C3D197 /* Sources */,
				2E1C1A9427889CCF00C3D197 /* Frameworks */,
				2E1C1A9527889CCF00C3D197 /* Resources */,
			);
			buildRules = (
			);
			dependencies = (
				2E1C1A9C27889CCF00C3D197 /* PBXTargetDependency */,
			);
			name = "swift-mlTests";
			productName = "swift-mlTests";
			productReference = 2E1C1A9727889CCF00C3D197 /* swift-mlTests.xctest */;
			productType = "com.apple.product-type.bundle.unit-test";
		};
		2E9E7CF02788656E00A32FCB /* swift-ml */ = {
			isa = PBXNativeTarget;
			buildConfigurationList = 2E9E7D052788657000A32FCB /* Build configuration list for PBXNativeTarget "swift-ml" */;
			buildPhases = (
				2E9E7CED2788656E00A32FCB /* Sources */,
				2E9E7CEE2788656E00A32FCB /* Frameworks */,
				2E9E7CEF2788656E00A32FCB /* Resources */,
			);
			buildRules = (
			);
			dependencies = (
			);
			name = "swift-ml";
			productName = "swift-ml";
			productReference = 2E9E7CF12788656E00A32FCB /* swift-ml.app */;
			productType = "com.apple.product-type.application";
		};
/* End PBXNativeTarget section */

/* Begin PBXProject section */
		2E9E7CE92788656E00A32FCB /* Project object */ = {
			isa = PBXProject;
			attributes = {
				BuildIndependentTargetsInParallel = 1;
				LastSwiftUpdateCheck = 1310;
				LastUpgradeCheck = 1310;
				TargetAttributes = {
					2E1C1A9627889CCF00C3D197 = {
						CreatedOnToolsVersion = 13.1;
						TestTargetID = 2E9E7CF02788656E00A32FCB;
					};
					2E9E7CF02788656E00A32FCB = {
						CreatedOnToolsVersion = 13.1;
					};
				};
			};
			buildConfigurationList = 2E9E7CEC2788656E00A32FCB /* Build configuration list for PBXProject "swift-ml" */;
			compatibilityVersion = "Xcode 13.0";
			developmentRegion = en;
			hasScannedForEncodings = 0;
			knownRegions = (
				en,
				Base,
			);
			mainGroup = 2E9E7CE82788656E00A32FCB;
			productRefGroup = 2E9E7CF22788656E00A32FCB /* Products */;
			projectDirPath = "";
			projectRoot = "";
			targets = (
				2E9E7CF02788656E00A32FCB /* swift-ml */,
				2E1C1A9627889CCF00C3D197 /* swift-mlTests */,
			);
		};
/* End PBXProject section */

/* Begin PBXResourcesBuildPhase section */
		2E1C1A9527889CCF00C3D197 /* Resources */ = {
			isa = PBXResourcesBuildPhase;
			buildActionMask = 2147483647;
			files = (
			);
			runOnlyForDeploymentPostprocessing = 0;
		};
		2E9E7CEF2788656E00A32FCB /* Resources */ = {
			isa = PBXResourcesBuildPhase;
			buildActionMask = 2147483647;
			files = (
				2E1C1A89278882C600C3D197 /* t10k-images-idx3-ubyte in Resources */,
				2E1C1A8A278882C600C3D197 /* t10k-labels-idx1-ubyte in Resources */,
				2E1C1A8B278882C600C3D197 /* train-images-idx3-ubyte in Resources */,
				2E1C1A8C278882C700C3D197 /* train-labels-idx1-ubyte in Resources */,
				2E9E7D012788657000A32FCB /* LaunchScreen.storyboard in Resources */,
				2E9E7CFE2788657000A32FCB /* Assets.xcassets in Resources */,
				2E9E7CFC2788656E00A32FCB /* Main.storyboard in Resources */,
			);
			runOnlyForDeploymentPostprocessing = 0;
		};
/* End PBXResourcesBuildPhase section */

/* Begin PBXSourcesBuildPhase section */
		2E1C1A9327889CCF00C3D197 /* Sources */ = {
			isa = PBXSourcesBuildPhase;
			buildActionMask = 2147483647;
			files = (
				2E1C1A9A27889CCF00C3D197 /* swift_mlTests.swift in Sources */,
			);
			runOnlyForDeploymentPostprocessing = 0;
		};
		2E9E7CED2788656E00A32FCB /* Sources */ = {
			isa = PBXSourcesBuildPhase;
			buildActionMask = 2147483647;
			files = (
				2E9E7CF92788656E00A32FCB /* ViewController.swift in Sources */,
				2E1C1A8E2788995000C3D197 /* Net.swift in Sources */,
				2E9E7CF52788656E00A32FCB /* AppDelegate.swift in Sources */,
				2E9E7CF72788656E00A32FCB /* SceneDelegate.swift in Sources */,
				2E1C1A8427887BE500C3D197 /* MnistData.swift in Sources */,
			);
			runOnlyForDeploymentPostprocessing = 0;
		};
/* End PBXSourcesBuildPhase section */

/* Begin PBXTargetDependency section */
		2E1C1A9C27889CCF00C3D197 /* PBXTargetDependency */ = {
			isa = PBXTargetDependency;
			target = 2E9E7CF02788656E00A32FCB /* swift-ml */;
			targetProxy = 2E1C1A9B27889CCF00C3D197 /* PBXContainerItemProxy */;
		};
/* End PBXTargetDependency section */

/* Begin PBXVariantGroup section */
		2E9E7CFA2788656E00A32FCB /* Main.storyboard */ = {
			isa = PBXVariantGroup;
			children = (
				2E9E7CFB2788656E00A32FCB /* Base */,
			);
			name = Main.storyboard;
			sourceTree = "<group>";
		};
		2E9E7CFF2788657000A32FCB /* LaunchScreen.storyboard */ = {
			isa = PBXVariantGroup;
			children = (
				2E9E7D002788657000A32FCB /* Base */,
			);
			name = LaunchScreen.storyboard;
			sourceTree = "<group>";
		};
/* End PBXVariantGroup section */

/* Begin XCBuildConfiguration section */
		2E1C1A9E27889CCF00C3D197 /* Debug */ = {
			isa = XCBuildConfiguration;
			buildSettings = {
				BUNDLE_LOADER = "$(TEST_HOST)";
				CODE_SIGN_STYLE = Automatic;
				CURRENT_PROJECT_VERSION = 1;
				DEVELOPMENT_TEAM = 34LQ4XJVFU;
				GENERATE_INFOPLIST_FILE = YES;
				LD_RUNPATH_SEARCH_PATHS = (
					"$(inherited)",
					"@executable_path/Frameworks",
					"@loader_path/Frameworks",
				);
				MARKETING_VERSION = 1.0;
				PRODUCT_BUNDLE_IDENTIFIER = "rory.swift-mlTests";
				PRODUCT_NAME = "$(TARGET_NAME)";
				SWIFT_EMIT_LOC_STRINGS = NO;
				SWIFT_VERSION = 5.0;
				TARGETED_DEVICE_FAMILY = "1,2";
				TEST_HOST = "$(BUILT_PRODUCTS_DIR)/swift-ml.app/swift-ml";
			};
			name = Debug;
		};
		2E1C1A9F27889CCF00C3D197 /* Release */ = {
			isa = XCBuildConfiguration;
			buildSettings = {
				BUNDLE_LOADER = "$(TEST_HOST)";
				CODE_SIGN_STYLE = Automatic;
				CURRENT_PROJECT_VERSION = 1;
				DEVELOPMENT_TEAM = 34LQ4XJVFU;
				GENERATE_INFOPLIST_FILE = YES;
				LD_RUNPATH_SEARCH_PATHS = (
					"$(inherited)",
					"@executable_path/Frameworks",
					"@loader_path/Frameworks",
				);
				MARKETING_VERSION = 1.0;
				PRODUCT_BUNDLE_IDENTIFIER = "rory.swift-mlTests";
				PRODUCT_NAME = "$(TARGET_NAME)";
				SWIFT_EMIT_LOC_STRINGS = NO;
				SWIFT_VERSION = 5.0;
				TARGETED_DEVICE_FAMILY = "1,2";
				TEST_HOST = "$(BUILT_PRODUCTS_DIR)/swift-ml.app/swift-ml";
			};
			name = Release;
		};
		2E9E7D032788657000A32FCB /* Debug */ = {
			isa = XCBuildConfiguration;
			buildSettings = {
				ALWAYS_SEARCH_USER_PATHS = NO;
				CLANG_ANALYZER_NONNULL = YES;
				CLANG_ANALYZER_NUMBER_OBJECT_CONVERSION = YES_AGGRESSIVE;
				CLANG_CXX_LANGUAGE_STANDARD = "gnu++17";
				CLANG_CXX_LIBRARY = "libc++";
				CLANG_ENABLE_MODULES = YES;
				CLANG_ENABLE_OBJC_ARC = YES;
				CLANG_ENABLE_OBJC_WEAK = YES;
				CLANG_WARN_BLOCK_CAPTURE_AUTORELEASING = YES;
				CLANG_WARN_BOOL_CONVERSION = YES;
				CLANG_WARN_COMMA = YES;
				CLANG_WARN_CONSTANT_CONVERSION = YES;
				CLANG_WARN_DEPRECATED_OBJC_IMPLEMENTATIONS = YES;
				CLANG_WARN_DIRECT_OBJC_ISA_USAGE = YES_ERROR;
				CLANG_WARN_DOCUMENTATION_COMMENTS = YES;
				CLANG_WARN_EMPTY_BODY = YES;
				CLANG_WARN_ENUM_CONVERSION = YES;
				CLANG_WARN_INFINITE_RECURSION = YES;
				CLANG_WARN_INT_CONVERSION = YES;
				CLANG_WARN_NON_LITERAL_NULL_CONVERSION = YES;
				CLANG_WARN_OBJC_IMPLICIT_RETAIN_SELF = YES;
				CLANG_WARN_OBJC_LITERAL_CONVERSION = YES;
				CLANG_WARN_OBJC_ROOT_CLASS = YES_ERROR;
				CLANG_WARN_QUOTED_INCLUDE_IN_FRAMEWORK_HEADER = YES;
				CLANG_WARN_RANGE_LOOP_ANALYSIS = YES;
				CLANG_WARN_STRICT_PROTOTYPES = YES;
				CLANG_WARN_SUSPICIOUS_MOVE = YES;
				CLANG_WARN_UNGUARDED_AVAILABILITY = YES_AGGRESSIVE;
				CLANG_WARN_UNREACHABLE_CODE = YES;
				CLANG_WARN__DUPLICATE_METHOD_MATCH = YES;
				COPY_PHASE_STRIP = NO;
				DEBUG_INFORMATION_FORMAT = dwarf;
				ENABLE_STRICT_OBJC_MSGSEND = YES;
				ENABLE_TESTABILITY = YES;
				GCC_C_LANGUAGE_STANDARD = gnu11;
				GCC_DYNAMIC_NO_PIC = NO;
				GCC_NO_COMMON_BLOCKS = YES;
				GCC_OPTIMIZATION_LEVEL = 0;
				GCC_PREPROCESSOR_DEFINITIONS = (
					"DEBUG=1",
					"$(inherited)",
				);
				GCC_WARN_64_TO_32_BIT_CONVERSION = YES;
				GCC_WARN_ABOUT_RETURN_TYPE = YES_ERROR;
				GCC_WARN_UNDECLARED_SELECTOR = YES;
				GCC_WARN_UNINITIALIZED_AUTOS = YES_AGGRESSIVE;
				GCC_WARN_UNUSED_FUNCTION = YES;
				GCC_WARN_UNUSED_VARIABLE = YES;
				IPHONEOS_DEPLOYMENT_TARGET = 15.0;
				MTL_ENABLE_DEBUG_INFO = INCLUDE_SOURCE;
				MTL_FAST_MATH = YES;
				ONLY_ACTIVE_ARCH = YES;
				SDKROOT = iphoneos;
				SWIFT_ACTIVE_COMPILATION_CONDITIONS = DEBUG;
				SWIFT_OPTIMIZATION_LEVEL = "-Onone";
			};
			name = Debug;
		};
		2E9E7D042788657000A32FCB /* Release */ = {
			isa = XCBuildConfiguration;
			buildSettings = {
				ALWAYS_SEARCH_USER_PATHS = NO;
				CLANG_ANALYZER_NONNULL = YES;
				CLANG_ANALYZER_NUMBER_OBJECT_CONVERSION = YES_AGGRESSIVE;
				CLANG_CXX_LANGUAGE_STANDARD = "gnu++17";
				CLANG_CXX_LIBRARY = "libc++";
				CLANG_ENABLE_MODULES = YES;
				CLANG_ENABLE_OBJC_ARC = YES;
				CLANG_ENABLE_OBJC_WEAK = YES;
				CLANG_WARN_BLOCK_CAPTURE_AUTORELEASING = YES;
				CLANG_WARN_BOOL_CONVERSION = YES;
				CLANG_WARN_COMMA = YES;
				CLANG_WARN_CONSTANT_CONVERSION = YES;
				CLANG_WARN_DEPRECATED_OBJC_IMPLEMENTATIONS = YES;
				CLANG_WARN_DIRECT_OBJC_ISA_USAGE = YES_ERROR;
				CLANG_WARN_DOCUMENTATION_COMMENTS = YES;
				CLANG_WARN_EMPTY_BODY = YES;
				CLANG_WARN_ENUM_CONVERSION = YES;
				CLANG_WARN_INFINITE_RECURSION = YES;
				CLANG_WARN_INT_CONVERSION = YES;
				CLANG_WARN_NON_LITERAL_NULL_CONVERSION = YES;
				CLANG_WARN_OBJC_IMPLICIT_RETAIN_SELF = YES;
				CLANG_WARN_OBJC_LITERAL_CONVERSION = YES;
				CLANG_WARN_OBJC_ROOT_CLASS = YES_ERROR;
				CLANG_WARN_QUOTED_INCLUDE_IN_FRAMEWORK_HEADER = YES;
				CLANG_WARN_RANGE_LOOP_ANALYSIS = YES;
				CLANG_WARN_STRICT_PROTOTYPES = YES;
				CLANG_WARN_SUSPICIOUS_MOVE = YES;
				CLANG_WARN_UNGUARDED_AVAILABILITY = YES_AGGRESSIVE;
				CLANG_WARN_UNREACHABLE_CODE = YES;
				CLANG_WARN__DUPLICATE_METHOD_MATCH = YES;
				COPY_PHASE_STRIP = NO;
				DEBUG_INFORMATION_FORMAT = "dwarf-with-dsym";
				ENABLE_NS_ASSERTIONS = NO;
				ENABLE_STRICT_OBJC_MSGSEND = YES;
				GCC_C_LANGUAGE_STANDARD = gnu11;
				GCC_NO_COMMON_BLOCKS = YES;
				GCC_WARN_64_TO_32_BIT_CONVERSION = YES;
				GCC_WARN_ABOUT_RETURN_TYPE = YES_ERROR;
				GCC_WARN_UNDECLARED_SELECTOR = YES;
				GCC_WARN_UNINITIALIZED_AUTOS = YES_AGGRESSIVE;
				GCC_WARN_UNUSED_FUNCTION = YES;
				GCC_WARN_UNUSED_VARIABLE = YES;
				IPHONEOS_DEPLOYMENT_TARGET = 15.0;
				MTL_ENABLE_DEBUG_INFO = NO;
				MTL_FAST_MATH = YES;
				SDKROOT = iphoneos;
				SWIFT_COMPILATION_MODE = wholemodule;
				SWIFT_OPTIMIZATION_LEVEL = "-O";
				VALIDATE_PRODUCT = YES;
			};
			name = Release;
		};
		2E9E7D062788657000A32FCB /* Debug */ = {
			isa = XCBuildConfiguration;
			buildSettings = {
				ASSETCATALOG_COMPILER_APPICON_NAME = AppIcon;
				ASSETCATALOG_COMPILER_GLOBAL_ACCENT_COLOR_NAME = AccentColor;
				CODE_SIGN_STYLE = Automatic;
				CURRENT_PROJECT_VERSION = 1;
				DEVELOPMENT_TEAM = 34LQ4XJVFU;
				GENERATE_INFOPLIST_FILE = YES;
				INFOPLIST_FILE = "swift-ml/Info.plist";
				INFOPLIST_KEY_UIApplicationSupportsIndirectInputEvents = YES;
				INFOPLIST_KEY_UILaunchStoryboardName = LaunchScreen;
				INFOPLIST_KEY_UIMainStoryboardFile = Main;
				INFOPLIST_KEY_UISupportedInterfaceOrientations_iPad = "UIInterfaceOrientationPortrait UIInterfaceOrientationPortraitUpsideDown UIInterfaceOrientationLandscapeLeft UIInterfaceOrientationLandscapeRight";
				INFOPLIST_KEY_UISupportedInterfaceOrientations_iPhone = "UIInterfaceOrientationPortrait UIInterfaceOrientationLandscapeLeft UIInterfaceOrientationLandscapeRight";
				LD_RUNPATH_SEARCH_PATHS = (
					"$(inherited)",
					"@executable_path/Frameworks",
				);
				MARKETING_VERSION = 1.0;
				PRODUCT_BUNDLE_IDENTIFIER = "rory.swift-ml";
				PRODUCT_NAME = "$(TARGET_NAME)";
				SWIFT_EMIT_LOC_STRINGS = YES;
				SWIFT_VERSION = 5.0;
				TARGETED_DEVICE_FAMILY = "1,2";
			};
			name = Debug;
		};
		2E9E7D072788657000A32FCB /* Release */ = {
			isa = XCBuildConfiguration;
			buildSettings = {
				ASSETCATALOG_COMPILER_APPICON_NAME = AppIcon;
				ASSETCATALOG_COMPILER_GLOBAL_ACCENT_COLOR_NAME = AccentColor;
				CODE_SIGN_STYLE = Automatic;
				CURRENT_PROJECT_VERSION = 1;
				DEVELOPMENT_TEAM = 34LQ4XJVFU;
				GENERATE_INFOPLIST_FILE = YES;
				INFOPLIST_FILE = "swift-ml/Info.plist";
				INFOPLIST_KEY_UIApplicationSupportsIndirectInputEvents = YES;
				INFOPLIST_KEY_UILaunchStoryboardName = LaunchScreen;
				INFOPLIST_KEY_UIMainStoryboardFile = Main;
				INFOPLIST_KEY_UISupportedInterfaceOrientations_iPad = "UIInterfaceOrientationPortrait UIInterfaceOrientationPortraitUpsideDown UIInterfaceOrientationLandscapeLeft UIInterfaceOrientationLandscapeRight";
				INFOPLIST_KEY_UISupportedInterfaceOrientations_iPhone = "UIInterfaceOrientationPortrait UIInterfaceOrientationLandscapeLeft UIInterfaceOrientationLandscapeRight";
				LD_RUNPATH_SEARCH_PATHS = (
					"$(inherited)",
					"@executable_path/Frameworks",
				);
				MARKETING_VERSION = 1.0;
				PRODUCT_BUNDLE_IDENTIFIER = "rory.swift-ml";
				PRODUCT_NAME = "$(TARGET_NAME)";
				SWIFT_EMIT_LOC_STRINGS = YES;
				SWIFT_VERSION = 5.0;
				TARGETED_DEVICE_FAMILY = "1,2";
			};
			name = Release;
		};
/* End XCBuildConfiguration section */

/* Begin XCConfigurationList section */
		2E1C1A9D27889CCF00C3D197 /* Build configuration list for PBXNativeTarget "swift-mlTests" */ = {
			isa = XCConfigurationList;
			buildConfigurations = (
				2E1C1A9E27889CCF00C3D197 /* Debug */,
				2E1C1A9F27889CCF00C3D197 /* Release */,
			);
			defaultConfigurationIsVisible = 0;
			defaultConfigurationName = Release;
		};
		2E9E7CEC2788656E00A32FCB /* Build configuration list for PBXProject "swift-ml" */ = {
			isa = XCConfigurationList;
			buildConfigurations = (
				2E9E7D032788657000A32FCB /* Debug */,
				2E9E7D042788657000A32FCB /* Release */,
			);
			defaultConfigurationIsVisible = 0;
			defaultConfigurationName = Release;
		};
		2E9E7D052788657000A32FCB /* Build configuration list for PBXNativeTarget "swift-ml" */ = {
			isa = XCConfigurationList;
			buildConfigurations = (
				2E9E7D062788657000A32FCB /* Debug */,
				2E9E7D072788657000A32FCB /* Release */,
			);
			defaultConfigurationIsVisible = 0;
			defaultConfigurationName = Release;
		};
/* End XCConfigurationList section */
	};
	rootObject = 2E9E7CE92788656E00A32FCB /* Project object */;
}
